# This file is autogenerated, do not edit; changes may be undone by the next 'dep ensure'.


[[projects]]
  digest = "1:bc48c4b7cee5cd1c679325461a1dccc3ffcf31841599fc56f8839f8862a4b3ea"
  name = "github.com/aprice/embed"
  packages = [
    "cmd/embed",
    "generator",
    "loader",
  ]
  pruneopts = "UT"
  revision = "e0f543275bf966271e2c3b3ab70265f635f0394a"

[[projects]]
  digest = "1:184008c955d6a3226b700c13ed0e875a7a051a759618f9bccba9b5c99f17faa5"
  name = "github.com/eclipse/paho.mqtt.golang"
  packages = [
    ".",
    "packets",
  ]
  pruneopts = "UT"
  revision = "36d01c2b4cbeb3d2a12063e4880ce30800af9560"
  version = "v1.1.1"

[[projects]]
  digest = "1:aa43a01d4dd8f0e4f6fe5093bf8942bae94a67b654c1aa06e44e73ac802ce7e7"
  name = "github.com/goburrow/modbus"
  packages = ["."]
  pruneopts = "UT"
  revision = "606c02f4eef527a1d4cf7d8733d5fd7ba34f91d8"
  version = "v0.1.0"

[[projects]]
  digest = "1:b172b7327e9a217f141749a0dc18f675c42fb146eab9c774d84ab6f784af4c09"
  name = "github.com/goburrow/serial"
  packages = ["."]
  pruneopts = "UT"
  revision = "1b57be761cd3a66492333e9367a23c0869f9cc2e"

[[projects]]
  digest = "1:c79fb010be38a59d657c48c6ba1d003a8aa651fa56b579d959d74573b7dff8e1"
  name = "github.com/gorilla/context"
  packages = ["."]
  pruneopts = "UT"
  revision = "08b5f424b9271eedf6f9f0ce86cb9396ed337a42"
  version = "v1.1.1"

[[projects]]
  digest = "1:8baf93d757bba6572bc6dca6539ea9a991af708df46065898a9e74dcffece65a"
  name = "github.com/gorilla/handlers"
  packages = ["."]
  pruneopts = "UT"
  revision = "a4d79d4487c2430a17d9dc8a1f74d1a6ed6908ca"

[[projects]]
  digest = "1:708ca7f70df972672d96e0a205bf6b2025cb35872d04a250c65cdb9632a851dc"
  name = "github.com/gorilla/mux"
  packages = ["."]
  pruneopts = "UT"
  revision = "757bef944d0f21880861c2dd9c871ca543023cba"

[[projects]]
  digest = "1:43dd08a10854b2056e615d1b1d22ac94559d822e1f8b6fcc92c1a1057e85188e"
  name = "github.com/gorilla/websocket"
  packages = ["."]
  pruneopts = "UT"
  revision = "ea4d1f681babbce9545c9c5f3d5194a789c89f5b"
  version = "v1.2.0"

[[projects]]
  digest = "1:c1b1102241e7f645bc8e0c22ae352e8f0dc6484b6cb4d132fa9f24174e0119e2"
  name = "github.com/spf13/pflag"
  packages = ["."]
  pruneopts = "UT"
  revision = "298182f68c66c05229eb03ac171abe6e309ee79a"
  version = "v1.0.3"

[[projects]]
  digest = "1:169c7b0614bf9d98cb3b3c5fd350e1adef5de0b5459ccda914e7aeac466b74a6"
  name = "github.com/tdewolff/minify"
  packages = [
    ".",
    "css",
    "html",
    "js",
    "svg",
  ]
  pruneopts = "UT"
  revision = "8d72a4127ae33b755e95bffede9b92e396267ce2"
  version = "v2.3.5"

[[projects]]
  digest = "1:294ecd8d9ea7f3f0b5a801e4eff088df0000260a403c77c8f776e557fb82a2a3"
  name = "github.com/tdewolff/parse"
  packages = [
    ".",
    "buffer",
    "css",
    "html",
    "js",
    "strconv",
    "svg",
    "xml",
  ]
  pruneopts = "UT"
  revision = "d739d6fccb0971177e06352fea02d3552625efb1"
  version = "v2.3.3"

[[projects]]
  branch = "master"
  digest = "1:fb877057547b048c22cc2e1464f04251568d65111628dd0cc2384ed4647e2157"
  name = "golang.org/x/net"
  packages = [
    "internal/socks",
    "proxy",
    "websocket",
  ]
  pruneopts = "UT"
  revision = "1e491301e022f8f977054da4c2d852decd59571f"

[[projects]]
  digest = "1:01d3c3dfb7ef9da24cd00cbd5b9e2c147fa7a3f44a83028bc737da9cac7ed60b"
  name = "gopkg.in/urfave/cli.v1"
  packages = ["."]
  pruneopts = "UT"
  revision = "0bdeddeeb0f650497d603c4ad7b20cfe685682f6"
  version = "v1.19.1"

[solve-meta]
  analyzer-name = "dep"
  analyzer-version = 1
  input-imports = [
    "github.com/aprice/embed/cmd/embed",
    "github.com/aprice/embed/loader",
    "github.com/eclipse/paho.mqtt.golang",
    "github.com/goburrow/modbus",
    "github.com/gorilla/handlers",
    "github.com/gorilla/mux",
    "github.com/gorilla/websocket",
    "gopkg.in/urfave/cli.v1",
  ]
  solver-name = "gps-cdcl"
  solver-version = 1
